
Microsoft Visual Studio Solution File, Format Version 12.00
# Visual Studio 14
VisualStudioVersion = 14.0.25420.1
MinimumVisualStudioVersion = 10.0.40219.1
Project("{FAE04EC0-301F-11D3-BF4B-00C04F79EFBC}") = "8.01 Square root", "8.01 Square root\8.01 Square root.csproj", "{92A24F41-0BD3-4AB6-8D00-0AE6BCD927A6}"
EndProject
Project("{FAE04EC0-301F-11D3-BF4B-00C04F79EFBC}") = "8.02 Enter numbers", "8.02 Enter numbers\8.02 Enter numbers.csproj", "{9A5CA9EA-11BD-4245-875C-BA04AC8FF26D}"
EndProject
Global
	GlobalSection(SolutionConfigurationPlatforms) = preSolution
		Debug|Any CPU = Debug|Any CPU
		Release|Any CPU = Release|Any CPU
	EndGlobalSection
	GlobalSection(ProjectConfigurationPlatforms) = postSolution
		{92A24F41-0BD3-4AB6-8D00-0AE6BCD927A6}.Debug|Any CPU.ActiveCfg = Debug|Any CPU
		{92A24F41-0BD3-4AB6-8D00-0AE6BCD927A6}.Debug|Any CPU.Build.0 = Debug|Any CPU
		{92A24F41-0BD3-4AB6-8D00-0AE6BCD927A6}.Release|Any CPU.ActiveCfg = Release|Any CPU
		{92A24F41-0BD3-4AB6-8D00-0AE6BCD927A6}.Release|Any CPU.Build.0 = Release|Any CPU
		{9A5CA9EA-11BD-4245-875C-BA04AC8FF26D}.Debug|Any CPU.ActiveCfg = Debug|Any CPU
		{9A5CA9EA-11BD-4245-875C-BA04AC8FF26D}.Debug|Any CPU.Build.0 = Debug|Any CPU
		{9A5CA9EA-11BD-4245-875C-BA04AC8FF26D}.Release|Any CPU.ActiveCfg = Release|Any CPU
		{9A5CA9EA-11BD-4245-875C-BA04AC8FF26D}.Release|Any CPU.Build.0 = Release|Any CPU
	EndGlobalSection
	GlobalSection(SolutionProperties) = preSolution
		HideSolutionNode = FALSE
	EndGlobalSection
EndGlobal
